
Microsoft Visual Studio Solution File, Format Version 12.00
# Visual Studio Version 17
VisualStudioVersion = 17.4.33205.214
MinimumVisualStudioVersion = 10.0.40219.1
Project("{9A19103F-16F7-4668-BE54-9A1E7A4F7556}") = "Console", "Console\Console.csproj", "{F2BE6916-ED64-4D88-B330-397A8F680458}"
EndProject
Project("{9A19103F-16F7-4668-BE54-9A1E7A4F7556}") = "projectlib", "projectlib\projectlib.csproj", "{BE6610DD-BF21-4EB3-BB1D-472B8FB80FBD}"
EndProject
Global
	GlobalSection(SolutionConfigurationPlatforms) = preSolution
		Debug|Any CPU = Debug|Any CPU
		Release|Any CPU = Release|Any CPU
	EndGlobalSection
	GlobalSection(ProjectConfigurationPlatforms) = postSolution
		{F2BE6916-ED64-4D88-B330-397A8F680458}.Debug|Any CPU.ActiveCfg = Debug|Any CPU
		{F2BE6916-ED64-4D88-B330-397A8F680458}.Debug|Any CPU.Build.0 = Debug|Any CPU
		{F2BE6916-ED64-4D88-B330-397A8F680458}.Release|Any CPU.ActiveCfg = Release|Any CPU
		{F2BE6916-ED64-4D88-B330-397A8F680458}.Release|Any CPU.Build.0 = Release|Any CPU
		{BE6610DD-BF21-4EB3-BB1D-472B8FB80FBD}.Debug|Any CPU.ActiveCfg = Debug|Any CPU
		{BE6610DD-BF21-4EB3-BB1D-472B8FB80FBD}.Debug|Any CPU.Build.0 = Debug|Any CPU
		{BE6610DD-BF21-4EB3-BB1D-472B8FB80FBD}.Release|Any CPU.ActiveCfg = Release|Any CPU
		{BE6610DD-BF21-4EB3-BB1D-472B8FB80FBD}.Release|Any CPU.Build.0 = Release|Any CPU
	EndGlobalSection
	GlobalSection(SolutionProperties) = preSolution
		HideSolutionNode = FALSE
	EndGlobalSection
	GlobalSection(ExtensibilityGlobals) = postSolution
		SolutionGuid = {EDE3F2D5-A824-4B3E-9249-EC4FB4A7B941}
	EndGlobalSection
EndGlobal
